
Microsoft Visual Studio Solution File, Format Version 12.00
# Visual Studio Version 17
VisualStudioVersion = 17.7.34221.43
MinimumVisualStudioVersion = 10.0.40219.1
Project("{8BC9CEB8-8B4A-11D0-8D11-00A0C91BC942}") = "HashTable", "HashTable\HashTable.vcxproj", "{29E8ADF3-ED2D-49E9-A765-58CE107D8C23}"
EndProject
Project("{8BC9CEB8-8B4A-11D0-8D11-00A0C91BC942}") = "AVLTree", "..\BinaryTree\AVLTree\AVLTree.vcxproj", "{7FDA864A-6DD0-498B-8FD1-35241B6442B5}"
EndProject
Project("{8BC9CEB8-8B4A-11D0-8D11-00A0C91BC942}") = "HashTableTests", "Tests\HashTableTests\HashTableTests.vcxproj", "{C65BA99F-5F1E-4B0F-A58D-3E38AAF9CD4C}"
EndProject
Project("{8BC9CEB8-8B4A-11D0-8D11-00A0C91BC942}") = "Dictionary", "Dictionary\Dictionary.vcxproj", "{74065A69-C054-42FA-8A64-DCBEEC73F31E}"
EndProject
Global
	GlobalSection(SolutionConfigurationPlatforms) = preSolution
		Debug|x64 = Debug|x64
		Debug|x86 = Debug|x86
		Release|x64 = Release|x64
		Release|x86 = Release|x86
	EndGlobalSection
	GlobalSection(ProjectConfigurationPlatforms) = postSolution
		{29E8ADF3-ED2D-49E9-A765-58CE107D8C23}.Debug|x64.ActiveCfg = Debug|x64
		{29E8ADF3-ED2D-49E9-A765-58CE107D8C23}.Debug|x64.Build.0 = Debug|x64
		{29E8ADF3-ED2D-49E9-A765-58CE107D8C23}.Debug|x86.ActiveCfg = Debug|Win32
		{29E8ADF3-ED2D-49E9-A765-58CE107D8C23}.Debug|x86.Build.0 = Debug|Win32
		{29E8ADF3-ED2D-49E9-A765-58CE107D8C23}.Release|x64.ActiveCfg = Release|x64
		{29E8ADF3-ED2D-49E9-A765-58CE107D8C23}.Release|x64.Build.0 = Release|x64
		{29E8ADF3-ED2D-49E9-A765-58CE107D8C23}.Release|x86.ActiveCfg = Release|Win32
		{29E8ADF3-ED2D-49E9-A765-58CE107D8C23}.Release|x86.Build.0 = Release|Win32
		{7FDA864A-6DD0-498B-8FD1-35241B6442B5}.Debug|x64.ActiveCfg = Debug|x64
		{7FDA864A-6DD0-498B-8FD1-35241B6442B5}.Debug|x64.Build.0 = Debug|x64
		{7FDA864A-6DD0-498B-8FD1-35241B6442B5}.Debug|x86.ActiveCfg = Debug|Win32
		{7FDA864A-6DD0-498B-8FD1-35241B6442B5}.Debug|x86.Build.0 = Debug|Win32
		{7FDA864A-6DD0-498B-8FD1-35241B6442B5}.Release|x64.ActiveCfg = Release|x64
		{7FDA864A-6DD0-498B-8FD1-35241B6442B5}.Release|x64.Build.0 = Release|x64
		{7FDA864A-6DD0-498B-8FD1-35241B6442B5}.Release|x86.ActiveCfg = Release|Win32
		{7FDA864A-6DD0-498B-8FD1-35241B6442B5}.Release|x86.Build.0 = Release|Win32
		{C65BA99F-5F1E-4B0F-A58D-3E38AAF9CD4C}.Debug|x64.ActiveCfg = Debug|x64
		{C65BA99F-5F1E-4B0F-A58D-3E38AAF9CD4C}.Debug|x64.Build.0 = Debug|x64
		{C65BA99F-5F1E-4B0F-A58D-3E38AAF9CD4C}.Debug|x86.ActiveCfg = Debug|Win32
		{C65BA99F-5F1E-4B0F-A58D-3E38AAF9CD4C}.Debug|x86.Build.0 = Debug|Win32
		{C65BA99F-5F1E-4B0F-A58D-3E38AAF9CD4C}.Release|x64.ActiveCfg = Release|x64
		{C65BA99F-5F1E-4B0F-A58D-3E38AAF9CD4C}.Release|x64.Build.0 = Release|x64
		{C65BA99F-5F1E-4B0F-A58D-3E38AAF9CD4C}.Release|x86.ActiveCfg = Release|Win32
		{C65BA99F-5F1E-4B0F-A58D-3E38AAF9CD4C}.Release|x86.Build.0 = Release|Win32
		{74065A69-C054-42FA-8A64-DCBEEC73F31E}.Debug|x64.ActiveCfg = Debug|x64
		{74065A69-C054-42FA-8A64-DCBEEC73F31E}.Debug|x64.Build.0 = Debug|x64
		{74065A69-C054-42FA-8A64-DCBEEC73F31E}.Debug|x86.ActiveCfg = Debug|Win32
		{74065A69-C054-42FA-8A64-DCBEEC73F31E}.Debug|x86.Build.0 = Debug|Win32
		{74065A69-C054-42FA-8A64-DCBEEC73F31E}.Release|x64.ActiveCfg = Release|x64
		{74065A69-C054-42FA-8A64-DCBEEC73F31E}.Release|x64.Build.0 = Release|x64
		{74065A69-C054-42FA-8A64-DCBEEC73F31E}.Release|x86.ActiveCfg = Release|Win32
		{74065A69-C054-42FA-8A64-DCBEEC73F31E}.Release|x86.Build.0 = Release|Win32
	EndGlobalSection
	GlobalSection(SolutionProperties) = preSolution
		HideSolutionNode = FALSE
	EndGlobalSection
	GlobalSection(ExtensibilityGlobals) = postSolution
		SolutionGuid = {932902CC-CA13-47E2-B144-B8E1A7DC1CB1}
	EndGlobalSection
EndGlobal
